{
  "nodes": {
    "disko": {
      "inputs": {
        "nixpkgs": [
          "nixpkgs"
        ]
      },
      "locked": {
        "lastModified": 1727359191,
        "narHash": "sha256-5PltTychnExFwzpEnY3WhOywaMV/M6NxYI/y3oXuUtw=",
        "owner": "nix-community",
        "repo": "disko",
        "rev": "67dc29be3036cc888f0b9d4f0a788ee0f6768700",
        "type": "github"
      },
      "original": {
        "owner": "nix-community",
        "repo": "disko",
        "rev": "67dc29be3036cc888f0b9d4f0a788ee0f6768700",
        "type": "github"
      }
    },
    "firefox-addons": {
      "inputs": {
        "flake-utils": "flake-utils",
        "nixpkgs": [
          "nixpkgs"
        ]
      },
      "locked": {
        "dir": "pkgs/firefox-addons",
        "lastModified": 1728596790,
        "narHash": "sha256-RTWhRczv04uFJzGf6thqvJ90sL3dTX9hoteu0VGMcB4=",
        "owner": "rycee",
        "repo": "nur-expressions",
        "rev": "610a9c92c573bf57959ffd371cb4921dd681b272",
        "type": "gitlab"
      },
      "original": {
        "dir": "pkgs/firefox-addons",
        "owner": "rycee",
        "ref": "610a9c92c573bf57959ffd371cb4921dd681b272",
        "repo": "nur-expressions",
        "type": "gitlab"
      }
    },
    "flake-compat": {
      "flake": false,
      "locked": {
        "lastModified": 1696426674,
        "narHash": "sha256-kvjfFW7WAETZlt09AgDn1MrtKzP7t90Vf7vypd3OL1U=",
        "owner": "edolstra",
        "repo": "flake-compat",
        "rev": "0f9255e01c2351cc7d116c072cb317785dd33b33",
        "type": "github"
      },
      "original": {
        "owner": "edolstra",
        "repo": "flake-compat",
        "type": "github"
      }
    },
    "flake-utils": {
      "locked": {
        "lastModified": 1629284811,
        "narHash": "sha256-JHgasjPR0/J1J3DRm4KxM4zTyAj4IOJY8vIl75v/kPI=",
        "owner": "numtide",
        "repo": "flake-utils",
        "rev": "c5d161cc0af116a2e17f54316f0bf43f0819785c",
        "type": "github"
      },
      "original": {
        "owner": "numtide",
        "repo": "flake-utils",
        "type": "github"
      }
    },
    "home-manager": {
      "inputs": {
        "nixpkgs": [
          "nixpkgs"
        ]
      },
      "locked": {
        "lastModified": 1728337164,
        "narHash": "sha256-VdRTjJFyq4Q9U7Z/UoC2Q5jK8vSo6E86lHc2OanXtvc=",
        "owner": "nix-community",
        "repo": "home-manager",
        "rev": "038630363e7de57c36c417fd2f5d7c14773403e4",
        "type": "github"
      },
      "original": {
        "owner": "nix-community",
        "repo": "home-manager",
        "rev": "038630363e7de57c36c417fd2f5d7c14773403e4",
        "type": "github"
      }
    },
    "impermanence": {
      "locked": {
        "lastModified": 1727556076,
        "narHash": "sha256-5Iplxbdn/7kQp4UYXMnUMFL2i2lyysOhRyzvvtPe1Qc=",
        "owner": "nix-community",
        "repo": "impermanence",
        "rev": "fff0d95cf40609941769a443a001b25fb95b68ab",
        "type": "github"
      },
      "original": {
        "owner": "nix-community",
        "repo": "impermanence",
        "rev": "fff0d95cf40609941769a443a001b25fb95b68ab",
        "type": "github"
      }
    },
    "nixos-hardware": {
      "locked": {
        "lastModified": 1725397876,
        "narHash": "sha256-arz2Ab2HSog/eQaGa3+zjZwQ81O+UnlyXZnOJci2kvE=",
        "owner": "NixOS",
        "repo": "nixos-hardware",
        "rev": "5c04dd453beb0244a686d7c543e97aed71a20258",
        "type": "github"
      },
      "original": {
        "owner": "NixOS",
        "repo": "nixos-hardware",
        "rev": "5c04dd453beb0244a686d7c543e97aed71a20258",
        "type": "github"
      }
    },
    "nixpkgs": {
      "locked": {
        "owner": "nixos",
        "repo": "nixpkgs",
        "rev": "429b0b4b9004648218b4109454138245bfd9d7d8",
        "type": "github"
      },
      "original": {
        "owner": "nixos",
        "ref": "nixos-unstable",
        "repo": "nixpkgs",
        "type": "github"
      }
    },
    "nixpkgs-stable": {
      "locked": {
        "lastModified": 1704290814,
        "narHash": "sha256-LWvKHp7kGxk/GEtlrGYV68qIvPHkU9iToomNFGagixU=",
        "owner": "nixos",
        "repo": "nixpkgs",
        "rev": "70bdadeb94ffc8806c0570eb5c2695ad29f0e421",
        "type": "github"
      },
      "original": {
        "owner": "nixos",
        "ref": "nixos-23.05",
        "repo": "nixpkgs",
        "type": "github"
      }
    },
    "personal-files": {
      "flake": false,
      "locked": {
        "lastModified": 1729625633,
        "narHash": "sha256-vgJMKyAlH8yhWEx2psKLvdUqvUR2VrCtavi9tifqhHg=",
        "owner": "hatosu",
        "repo": "personal-files",
        "rev": "3544db88f743a94badf55d9cd5769d2899c51adf",
        "type": "github"
      },
      "original": {
        "owner": "hatosu",
        "repo": "personal-files",
        "type": "github"
      }
    },
    "root": {
      "inputs": {
        "disko": "disko",
        "firefox-addons": "firefox-addons",
        "home-manager": "home-manager",
        "impermanence": "impermanence",
        "nixos-hardware": "nixos-hardware",
        "nixpkgs": "nixpkgs",
        "nixpkgs-stable": "nixpkgs-stable",
        "personal-files": "personal-files",
        "spicetify-nix": "spicetify-nix"
      }
    },
    "spicetify-nix": {
      "inputs": {
        "flake-compat": "flake-compat",
        "nixpkgs": [
          "nixpkgs"
        ]
      },
      "locked": {
        "lastModified": 1729397826,
        "narHash": "sha256-PKiCeeV0D8qBRVzlGlx3DE+/0WU8U8maMjB2rRJMBBA=",
        "owner": "Gerg-L",
        "repo": "spicetify-nix",
        "rev": "1a8fa34b656d67c1d7d4c2b76cba03bf4d65dee4",
        "type": "github"
      },
      "original": {
        "owner": "Gerg-L",
        "repo": "spicetify-nix",
        "rev": "1a8fa34b656d67c1d7d4c2b76cba03bf4d65dee4",
        "type": "github"
      }
    }
  },
  "root": "root",
  "version": 7
}
